
Microsoft Visual Studio Solution File, Format Version 12.00
# Visual Studio 14
VisualStudioVersion = 14.0.25420.1
MinimumVisualStudioVersion = 10.0.40219.1
Project("{2150E333-8FDC-42A3-9474-1A3956D46DE8}") = "0 Common", "0 Common", "{B5F45661-5CF7-49A6-BACF-1B4B78B55B9A}"
EndProject
Project("{2150E333-8FDC-42A3-9474-1A3956D46DE8}") = "1 Deployable", "1 Deployable", "{6615A37B-B5C4-4FDD-99F6-BA6F09E07BC3}"
EndProject
Project("{2150E333-8FDC-42A3-9474-1A3956D46DE8}") = "2 BusinessService", "2 BusinessService", "{F27EAB58-8087-4FA4-BA37-2FB74443AA66}"
EndProject
Project("{2150E333-8FDC-42A3-9474-1A3956D46DE8}") = "3 Repository", "3 Repository", "{CCEDCCB3-1FE6-4AD7-BA88-3A9D68940FEE}"
EndProject
Project("{2150E333-8FDC-42A3-9474-1A3956D46DE8}") = "4 Test", "4 Test", "{30D095BD-B8AD-42B2-AF45-BF54AB7A931E}"
EndProject
Project("{2150E333-8FDC-42A3-9474-1A3956D46DE8}") = "Utils", "Utils", "{005625D1-F497-49F8-94A1-FACDC93FB1A8}"
EndProject
Project("{FAE04EC0-301F-11D3-BF4B-00C04F79EFBC}") = "JKCS.SM.Domain", "JKCS.SM.Domain\JKCS.SM.Domain.csproj", "{B3E578BD-EC91-418B-A8F4-0022B378C518}"
EndProject
Project("{FAE04EC0-301F-11D3-BF4B-00C04F79EFBC}") = "JKCS.SM.Ioc", "JKCS.SM.Ioc\JKCS.SM.Ioc.csproj", "{1D89D16E-F977-448E-8FEA-FC91D9CD6626}"
EndProject
Project("{FAE04EC0-301F-11D3-BF4B-00C04F79EFBC}") = "JKCS.SM.Web", "JKCS.SM.Web\JKCS.SM.Web.csproj", "{1F03777C-ADC8-4072-B250-F5B6965B63AD}"
EndProject
Project("{FAE04EC0-301F-11D3-BF4B-00C04F79EFBC}") = "JKCS.SM.Web.Tests", "JKCS.SM.Web.Tests\JKCS.SM.Web.Tests.csproj", "{92F4BD99-214F-4268-8A8F-982AF75872A0}"
EndProject
Project("{2150E333-8FDC-42A3-9474-1A3956D46DE8}") = "Common", "Common", "{FE34AAAB-0813-4669-B835-C80BF5CF48C5}"
EndProject
Project("{2150E333-8FDC-42A3-9474-1A3956D46DE8}") = "Contract", "Contract", "{54480319-92AB-47C4-9A98-3078FE4AC73C}"
EndProject
Project("{FAE04EC0-301F-11D3-BF4B-00C04F79EFBC}") = "JKCS.SM.BusinessServices.Contract", "JKCS.SM.BusinessServices.Contract\JKCS.SM.BusinessServices.Contract.csproj", "{7E8FD3BF-B220-4DD5-8A5D-B9A0127C1E85}"
EndProject
Project("{FAE04EC0-301F-11D3-BF4B-00C04F79EFBC}") = "JKCS.SM.BusinessServices", "JKCS.SM.BusinessServices\JKCS.SM.BusinessServices.csproj", "{E6A31B09-7BA8-44B8-882A-57EBFEC34CE2}"
EndProject
Project("{2150E333-8FDC-42A3-9474-1A3956D46DE8}") = "Contract", "Contract", "{85369F6B-7EA4-48FB-9BE9-96CA42B93D47}"
EndProject
Project("{FAE04EC0-301F-11D3-BF4B-00C04F79EFBC}") = "JKCS.SM.Repository.Contract", "JKCS.SM.Repository.Contract\JKCS.SM.Repository.Contract.csproj", "{8F5A812B-E69D-417D-B322-B75468BA910D}"
EndProject
Project("{FAE04EC0-301F-11D3-BF4B-00C04F79EFBC}") = "JKCS.SM.Repository", "JKCS.SM.Repository\JKCS.SM.Repository.csproj", "{147F2198-296A-42BF-9FA3-B785E86CC413}"
EndProject
Global
	GlobalSection(SolutionConfigurationPlatforms) = preSolution
		Debug|Any CPU = Debug|Any CPU
		Release|Any CPU = Release|Any CPU
	EndGlobalSection
	GlobalSection(ProjectConfigurationPlatforms) = postSolution
		{B3E578BD-EC91-418B-A8F4-0022B378C518}.Debug|Any CPU.ActiveCfg = Debug|Any CPU
		{B3E578BD-EC91-418B-A8F4-0022B378C518}.Debug|Any CPU.Build.0 = Debug|Any CPU
		{B3E578BD-EC91-418B-A8F4-0022B378C518}.Release|Any CPU.ActiveCfg = Release|Any CPU
		{B3E578BD-EC91-418B-A8F4-0022B378C518}.Release|Any CPU.Build.0 = Release|Any CPU
		{1D89D16E-F977-448E-8FEA-FC91D9CD6626}.Debug|Any CPU.ActiveCfg = Debug|Any CPU
		{1D89D16E-F977-448E-8FEA-FC91D9CD6626}.Debug|Any CPU.Build.0 = Debug|Any CPU
		{1D89D16E-F977-448E-8FEA-FC91D9CD6626}.Release|Any CPU.ActiveCfg = Release|Any CPU
		{1D89D16E-F977-448E-8FEA-FC91D9CD6626}.Release|Any CPU.Build.0 = Release|Any CPU
		{1F03777C-ADC8-4072-B250-F5B6965B63AD}.Debug|Any CPU.ActiveCfg = Debug|Any CPU
		{1F03777C-ADC8-4072-B250-F5B6965B63AD}.Debug|Any CPU.Build.0 = Debug|Any CPU
		{1F03777C-ADC8-4072-B250-F5B6965B63AD}.Release|Any CPU.ActiveCfg = Release|Any CPU
		{1F03777C-ADC8-4072-B250-F5B6965B63AD}.Release|Any CPU.Build.0 = Release|Any CPU
		{92F4BD99-214F-4268-8A8F-982AF75872A0}.Debug|Any CPU.ActiveCfg = Debug|Any CPU
		{92F4BD99-214F-4268-8A8F-982AF75872A0}.Debug|Any CPU.Build.0 = Debug|Any CPU
		{92F4BD99-214F-4268-8A8F-982AF75872A0}.Release|Any CPU.ActiveCfg = Release|Any CPU
		{92F4BD99-214F-4268-8A8F-982AF75872A0}.Release|Any CPU.Build.0 = Release|Any CPU
		{7E8FD3BF-B220-4DD5-8A5D-B9A0127C1E85}.Debug|Any CPU.ActiveCfg = Debug|Any CPU
		{7E8FD3BF-B220-4DD5-8A5D-B9A0127C1E85}.Debug|Any CPU.Build.0 = Debug|Any CPU
		{7E8FD3BF-B220-4DD5-8A5D-B9A0127C1E85}.Release|Any CPU.ActiveCfg = Release|Any CPU
		{7E8FD3BF-B220-4DD5-8A5D-B9A0127C1E85}.Release|Any CPU.Build.0 = Release|Any CPU
		{E6A31B09-7BA8-44B8-882A-57EBFEC34CE2}.Debug|Any CPU.ActiveCfg = Debug|Any CPU
		{E6A31B09-7BA8-44B8-882A-57EBFEC34CE2}.Debug|Any CPU.Build.0 = Debug|Any CPU
		{E6A31B09-7BA8-44B8-882A-57EBFEC34CE2}.Release|Any CPU.ActiveCfg = Release|Any CPU
		{E6A31B09-7BA8-44B8-882A-57EBFEC34CE2}.Release|Any CPU.Build.0 = Release|Any CPU
		{8F5A812B-E69D-417D-B322-B75468BA910D}.Debug|Any CPU.ActiveCfg = Debug|Any CPU
		{8F5A812B-E69D-417D-B322-B75468BA910D}.Debug|Any CPU.Build.0 = Debug|Any CPU
		{8F5A812B-E69D-417D-B322-B75468BA910D}.Release|Any CPU.ActiveCfg = Release|Any CPU
		{8F5A812B-E69D-417D-B322-B75468BA910D}.Release|Any CPU.Build.0 = Release|Any CPU
		{147F2198-296A-42BF-9FA3-B785E86CC413}.Debug|Any CPU.ActiveCfg = Debug|Any CPU
		{147F2198-296A-42BF-9FA3-B785E86CC413}.Debug|Any CPU.Build.0 = Debug|Any CPU
		{147F2198-296A-42BF-9FA3-B785E86CC413}.Release|Any CPU.ActiveCfg = Release|Any CPU
		{147F2198-296A-42BF-9FA3-B785E86CC413}.Release|Any CPU.Build.0 = Release|Any CPU
	EndGlobalSection
	GlobalSection(SolutionProperties) = preSolution
		HideSolutionNode = FALSE
	EndGlobalSection
	GlobalSection(NestedProjects) = preSolution
		{005625D1-F497-49F8-94A1-FACDC93FB1A8} = {B5F45661-5CF7-49A6-BACF-1B4B78B55B9A}
		{B3E578BD-EC91-418B-A8F4-0022B378C518} = {B5F45661-5CF7-49A6-BACF-1B4B78B55B9A}
		{1D89D16E-F977-448E-8FEA-FC91D9CD6626} = {B5F45661-5CF7-49A6-BACF-1B4B78B55B9A}
		{1F03777C-ADC8-4072-B250-F5B6965B63AD} = {6615A37B-B5C4-4FDD-99F6-BA6F09E07BC3}
		{92F4BD99-214F-4268-8A8F-982AF75872A0} = {30D095BD-B8AD-42B2-AF45-BF54AB7A931E}
		{FE34AAAB-0813-4669-B835-C80BF5CF48C5} = {F27EAB58-8087-4FA4-BA37-2FB74443AA66}
		{54480319-92AB-47C4-9A98-3078FE4AC73C} = {F27EAB58-8087-4FA4-BA37-2FB74443AA66}
		{7E8FD3BF-B220-4DD5-8A5D-B9A0127C1E85} = {54480319-92AB-47C4-9A98-3078FE4AC73C}
		{E6A31B09-7BA8-44B8-882A-57EBFEC34CE2} = {F27EAB58-8087-4FA4-BA37-2FB74443AA66}
		{85369F6B-7EA4-48FB-9BE9-96CA42B93D47} = {CCEDCCB3-1FE6-4AD7-BA88-3A9D68940FEE}
		{8F5A812B-E69D-417D-B322-B75468BA910D} = {85369F6B-7EA4-48FB-9BE9-96CA42B93D47}
		{147F2198-296A-42BF-9FA3-B785E86CC413} = {CCEDCCB3-1FE6-4AD7-BA88-3A9D68940FEE}
	EndGlobalSection
EndGlobal
